
Microsoft Visual Studio Solution File, Format Version 12.00
# Visual Studio 15
VisualStudioVersion = 15.0.27130.2027
MinimumVisualStudioVersion = 10.0.40219.1
Project("{FAE04EC0-301F-11D3-BF4B-00C04F79EFBC}") = "FruitWars", "FruitWars\FruitWars.csproj", "{87FFD9F9-9845-49C2-829E-EE9703E55722}"
EndProject
Global
	GlobalSection(SolutionConfigurationPlatforms) = preSolution
		Debug|Any CPU = Debug|Any CPU
		Release|Any CPU = Release|Any CPU
	EndGlobalSection
	GlobalSection(ProjectConfigurationPlatforms) = postSolution
		{87FFD9F9-9845-49C2-829E-EE9703E55722}.Debug|Any CPU.ActiveCfg = Debug|Any CPU
		{87FFD9F9-9845-49C2-829E-EE9703E55722}.Debug|Any CPU.Build.0 = Debug|Any CPU
		{87FFD9F9-9845-49C2-829E-EE9703E55722}.Release|Any CPU.ActiveCfg = Release|Any CPU
		{87FFD9F9-9845-49C2-829E-EE9703E55722}.Release|Any CPU.Build.0 = Release|Any CPU
	EndGlobalSection
	GlobalSection(SolutionProperties) = preSolution
		HideSolutionNode = FALSE
	EndGlobalSection
	GlobalSection(ExtensibilityGlobals) = postSolution
		SolutionGuid = {FC76CBCE-1765-4CC1-8C8C-E89633E64933}
	EndGlobalSection
EndGlobal
